
Microsoft Visual Studio Solution File, Format Version 12.00
# Visual Studio Version 17
VisualStudioVersion = 17.5.002.0
MinimumVisualStudioVersion = 10.0.40219.1
Project("{9A19103F-16F7-4668-BE54-9A1E7A4F7556}") = "CalculatorTests", "CalculatorTests\CalculatorTests.csproj", "{28626899-4A42-4927-B9A5-0D24A39BE07B}"
EndProject
Project("{9A19103F-16F7-4668-BE54-9A1E7A4F7556}") = "CalculatorApp", "CalculatorApp\CalculatorApp.csproj", "{AEA14138-D5E4-4002-ADCB-0645E146DA5B}"
EndProject
Global
	GlobalSection(SolutionConfigurationPlatforms) = preSolution
		Debug|Any CPU = Debug|Any CPU
		Release|Any CPU = Release|Any CPU
	EndGlobalSection
	GlobalSection(ProjectConfigurationPlatforms) = postSolution
		{28626899-4A42-4927-B9A5-0D24A39BE07B}.Debug|Any CPU.ActiveCfg = Debug|Any CPU
		{28626899-4A42-4927-B9A5-0D24A39BE07B}.Debug|Any CPU.Build.0 = Debug|Any CPU
		{28626899-4A42-4927-B9A5-0D24A39BE07B}.Release|Any CPU.ActiveCfg = Release|Any CPU
		{28626899-4A42-4927-B9A5-0D24A39BE07B}.Release|Any CPU.Build.0 = Release|Any CPU
		{AEA14138-D5E4-4002-ADCB-0645E146DA5B}.Debug|Any CPU.ActiveCfg = Debug|Any CPU
		{AEA14138-D5E4-4002-ADCB-0645E146DA5B}.Debug|Any CPU.Build.0 = Debug|Any CPU
		{AEA14138-D5E4-4002-ADCB-0645E146DA5B}.Release|Any CPU.ActiveCfg = Release|Any CPU
		{AEA14138-D5E4-4002-ADCB-0645E146DA5B}.Release|Any CPU.Build.0 = Release|Any CPU
	EndGlobalSection
	GlobalSection(SolutionProperties) = preSolution
		HideSolutionNode = FALSE
	EndGlobalSection
	GlobalSection(ExtensibilityGlobals) = postSolution
		SolutionGuid = {7FA142A7-8AAF-4847-AB7E-CF6FA8F7F269}
	EndGlobalSection
EndGlobal
